// !$*UTF8*$!
{
	archiveVersion = 1;
	classes = {
	};
	objectVersion = 46;
	objects = {

/* Begin PBXBuildFile section */
		B867208D1E409C730031749B /* AppDelegate.swift in Sources */ = {isa = PBXBuildFile; fileRef = B867208C1E409C730031749B /* AppDelegate.swift */; };
		B867208F1E409C730031749B /* ViewController.swift in Sources */ = {isa = PBXBuildFile; fileRef = B867208E1E409C730031749B /* ViewController.swift */; };
		B86720921E409C730031749B /* Main.storyboard in Resources */ = {isa = PBXBuildFile; fileRef = B86720901E409C730031749B /* Main.storyboard */; };
		B86720941E409C730031749B /* Assets.xcassets in Resources */ = {isa = PBXBuildFile; fileRef = B86720931E409C730031749B /* Assets.xcassets */; };
		B86720971E409C730031749B /* LaunchScreen.storyboard in Resources */ = {isa = PBXBuildFile; fileRef = B86720951E409C730031749B /* LaunchScreen.storyboard */; };
		B86720A21E409C740031749B /* musicshotokuTests.swift in Sources */ = {isa = PBXBuildFile; fileRef = B86720A11E409C740031749B /* musicshotokuTests.swift */; };
		B86720AD1E409C740031749B /* musicshotokuUITests.swift in Sources */ = {isa = PBXBuildFile; fileRef = B86720AC1E409C740031749B /* musicshotokuUITests.swift */; };
		B86720BE1E40A2550031749B /* koi-jacket.jpg in Resources */ = {isa = PBXBuildFile; fileRef = B86720BB1E40A2550031749B /* koi-jacket.jpg */; };
		B86720BF1E40A2550031749B /* nanimono-jacket.jpg in Resources */ = {isa = PBXBuildFile; fileRef = B86720BC1E40A2550031749B /* nanimono-jacket.jpg */; };
		B86720C01E40A2550031749B /* zenzen-jacket.png in Resources */ = {isa = PBXBuildFile; fileRef = B86720BD1E40A2550031749B /* zenzen-jacket.png */; };
		B86720C21E40A6620031749B /* koi.mp3 in Resources */ = {isa = PBXBuildFile; fileRef = B86720C11E40A6620031749B /* koi.mp3 */; };
		B86720C41E40ACB60031749B /* nanimono.mp3 in Resources */ = {isa = PBXBuildFile; fileRef = B86720C31E40ACB60031749B /* nanimono.mp3 */; };
		B86720C61E40ACBE0031749B /* zenzen.mp3 in Resources */ = {isa = PBXBuildFile; fileRef = B86720C51E40ACBE0031749B /* zenzen.mp3 */; };
/* End PBXBuildFile section */

/* Begin PBXContainerItemProxy section */
		B867209E1E409C740031749B /* PBXContainerItemProxy */ = {
			isa = PBXContainerItemProxy;
			containerPortal = B86720811E409C730031749B /* Project object */;
			proxyType = 1;
			remoteGlobalIDString = B86720881E409C730031749B;
			remoteInfo = musicshotoku;
		};
		B86720A91E409C740031749B /* PBXContainerItemProxy */ = {
			isa = PBXContainerItemProxy;
			containerPortal = B86720811E409C730031749B /* Project object */;
			proxyType = 1;
			remoteGlobalIDString = B86720881E409C730031749B;
			remoteInfo = musicshotoku;
		};
/* End PBXContainerItemProxy section */

/* Begin PBXFileReference section */
		B86720891E409C730031749B /* musicshotoku.app */ = {isa = PBXFileReference; explicitFileType = wrapper.application; includeInIndex = 0; path = musicshotoku.app; sourceTree = BUILT_PRODUCTS_DIR; };
		B867208C1E409C730031749B /* AppDelegate.swift */ = {isa = PBXFileReference; lastKnownFileType = sourcecode.swift; path = AppDelegate.swift; sourceTree = "<group>"; };
		B867208E1E409C730031749B /* ViewController.swift */ = {isa = PBXFileReference; lastKnownFileType = sourcecode.swift; path = ViewController.swift; sourceTree = "<group>"; };
		B86720911E409C730031749B /* Base */ = {isa = PBXFileReference; lastKnownFileType = file.storyboard; name = Base; path = Base.lproj/Main.storyboard; sourceTree = "<group>"; };
		B86720931E409C730031749B /* Assets.xcassets */ = {isa = PBXFileReference; lastKnownFileType = folder.assetcatalog; path = Assets.xcassets; sourceTree = "<group>"; };
		B86720961E409C730031749B /* Base */ = {isa = PBXFileReference; lastKnownFileType = file.storyboard; name = Base; path = Base.lproj/LaunchScreen.storyboard; sourceTree = "<group>"; };
		B86720981E409C730031749B /* Info.plist */ = {isa = PBXFileReference; lastKnownFileType = text.plist.xml; path = Info.plist; sourceTree = "<group>"; };
		B867209D1E409C740031749B /* musicshotokuTests.xctest */ = {isa = PBXFileReference; explicitFileType = wrapper.cfbundle; includeInIndex = 0; path = musicshotokuTests.xctest; sourceTree = BUILT_PRODUCTS_DIR; };
		B86720A11E409C740031749B /* musicshotokuTests.swift */ = {isa = PBXFileReference; lastKnownFileType = sourcecode.swift; path = musicshotokuTests.swift; sourceTree = "<group>"; };
		B86720A31E409C740031749B /* Info.plist */ = {isa = PBXFileReference; lastKnownFileType = text.plist.xml; path = Info.plist; sourceTree = "<group>"; };
		B86720A81E409C740031749B /* musicshotokuUITests.xctest */ = {isa = PBXFileReference; explicitFileType = wrapper.cfbundle; includeInIndex = 0; path = musicshotokuUITests.xctest; sourceTree = BUILT_PRODUCTS_DIR; };
		B86720AC1E409C740031749B /* musicshotokuUITests.swift */ = {isa = PBXFileReference; lastKnownFileType = sourcecode.swift; path = musicshotokuUITests.swift; sourceTree = "<group>"; };
		B86720AE1E409C740031749B /* Info.plist */ = {isa = PBXFileReference; lastKnownFileType = text.plist.xml; path = Info.plist; sourceTree = "<group>"; };
		B86720BB1E40A2550031749B /* koi-jacket.jpg */ = {isa = PBXFileReference; lastKnownFileType = image.jpeg; path = "koi-jacket.jpg"; sourceTree = "<group>"; };
		B86720BC1E40A2550031749B /* nanimono-jacket.jpg */ = {isa = PBXFileReference; lastKnownFileType = image.jpeg; path = "nanimono-jacket.jpg"; sourceTree = "<group>"; };
		B86720BD1E40A2550031749B /* zenzen-jacket.png */ = {isa = PBXFileReference; lastKnownFileType = image.png; path = "zenzen-jacket.png"; sourceTree = "<group>"; };
		B86720C11E40A6620031749B /* koi.mp3 */ = {isa = PBXFileReference; lastKnownFileType = audio.mp3; path = koi.mp3; sourceTree = "<group>"; };
		B86720C31E40ACB60031749B /* nanimono.mp3 */ = {isa = PBXFileReference; lastKnownFileType = audio.mp3; path = nanimono.mp3; sourceTree = "<group>"; };
		B86720C51E40ACBE0031749B /* zenzen.mp3 */ = {isa = PBXFileReference; lastKnownFileType = audio.mp3; path = zenzen.mp3; sourceTree = "<group>"; };
/* End PBXFileReference section */

/* Begin PBXFrameworksBuildPhase section */
		B86720861E409C730031749B /* Frameworks */ = {
			isa = PBXFrameworksBuildPhase;
			buildActionMask = 2147483647;
			files = (
			);
			runOnlyForDeploymentPostprocessing = 0;
		};
		B867209A1E409C740031749B /* Frameworks */ = {
			isa = PBXFrameworksBuildPhase;
			buildActionMask = 2147483647;
			files = (
			);
			runOnlyForDeploymentPostprocessing = 0;
		};
		B86720A51E409C740031749B /* Frameworks */ = {
			isa = PBXFrameworksBuildPhase;
			buildActionMask = 2147483647;
			files = (
			);
			runOnlyForDeploymentPostprocessing = 0;
		};
/* End PBXFrameworksBuildPhase section */

/* Begin PBXGroup section */
		B86720801E409C730031749B = {
			isa = PBXGroup;
			children = (
				B867208B1E409C730031749B /* musicshotoku */,
				B86720A01E409C740031749B /* musicshotokuTests */,
				B86720AB1E409C740031749B /* musicshotokuUITests */,
				B867208A1E409C730031749B /* Products */,
			);
			sourceTree = "<group>";
		};
		B867208A1E409C730031749B /* Products */ = {
			isa = PBXGroup;
			children = (
				B86720891E409C730031749B /* musicshotoku.app */,
				B867209D1E409C740031749B /* musicshotokuTests.xctest */,
				B86720A81E409C740031749B /* musicshotokuUITests.xctest */,
			);
			name = Products;
			sourceTree = "<group>";
		};
		B867208B1E409C730031749B /* musicshotoku */ = {
			isa = PBXGroup;
			children = (
				B867208C1E409C730031749B /* AppDelegate.swift */,
				B867208E1E409C730031749B /* ViewController.swift */,
				B86720901E409C730031749B /* Main.storyboard */,
				B86720931E409C730031749B /* Assets.xcassets */,
				B86720951E409C730031749B /* LaunchScreen.storyboard */,
				B86720981E409C730031749B /* Info.plist */,
				B86720C71E40ACCA0031749B /* music */,
				B86720BA1E40A2550031749B /* jacket */,
			);
			path = musicshotoku;
			sourceTree = "<group>";
		};
		B86720A01E409C740031749B /* musicshotokuTests */ = {
			isa = PBXGroup;
			children = (
				B86720A11E409C740031749B /* musicshotokuTests.swift */,
				B86720A31E409C740031749B /* Info.plist */,
			);
			path = musicshotokuTests;
			sourceTree = "<group>";
		};
		B86720AB1E409C740031749B /* musicshotokuUITests */ = {
			isa = PBXGroup;
			children = (
				B86720AC1E409C740031749B /* musicshotokuUITests.swift */,
				B86720AE1E409C740031749B /* Info.plist */,
			);
			path = musicshotokuUITests;
			sourceTree = "<group>";
		};
		B86720BA1E40A2550031749B /* jacket */ = {
			isa = PBXGroup;
			children = (
				B86720BB1E40A2550031749B /* koi-jacket.jpg */,
				B86720BC1E40A2550031749B /* nanimono-jacket.jpg */,
				B86720BD1E40A2550031749B /* zenzen-jacket.png */,
			);
			path = jacket;
			sourceTree = "<group>";
		};
		B86720C71E40ACCA0031749B /* music */ = {
			isa = PBXGroup;
			children = (
				B86720C11E40A6620031749B /* koi.mp3 */,
				B86720C31E40ACB60031749B /* nanimono.mp3 */,
				B86720C51E40ACBE0031749B /* zenzen.mp3 */,
			);
			name = music;
			sourceTree = "<group>";
		};
/* End PBXGroup section */

/* Begin PBXNativeTarget section */
		B86720881E409C730031749B /* musicshotoku */ = {
			isa = PBXNativeTarget;
			buildConfigurationList = B86720B11E409C740031749B /* Build configuration list for PBXNativeTarget "musicshotoku" */;
			buildPhases = (
				B86720851E409C730031749B /* Sources */,
				B86720861E409C730031749B /* Frameworks */,
				B86720871E409C730031749B /* Resources */,
			);
			buildRules = (
			);
			dependencies = (
			);
			name = musicshotoku;
			productName = musicshotoku;
			productReference = B86720891E409C730031749B /* musicshotoku.app */;
			productType = "com.apple.product-type.application";
		};
		B867209C1E409C740031749B /* musicshotokuTests */ = {
			isa = PBXNativeTarget;
			buildConfigurationList = B86720B41E409C740031749B /* Build configuration list for PBXNativeTarget "musicshotokuTests" */;
			buildPhases = (
				B86720991E409C740031749B /* Sources */,
				B867209A1E409C740031749B /* Frameworks */,
				B867209B1E409C740031749B /* Resources */,
			);
			buildRules = (
			);
			dependencies = (
				B867209F1E409C740031749B /* PBXTargetDependency */,
			);
			name = musicshotokuTests;
			productName = musicshotokuTests;
			productReference = B867209D1E409C740031749B /* musicshotokuTests.xctest */;
			productType = "com.apple.product-type.bundle.unit-test";
		};
		B86720A71E409C740031749B /* musicshotokuUITests */ = {
			isa = PBXNativeTarget;
			buildConfigurationList = B86720B71E409C740031749B /* Build configuration list for PBXNativeTarget "musicshotokuUITests" */;
			buildPhases = (
				B86720A41E409C740031749B /* Sources */,
				B86720A51E409C740031749B /* Frameworks */,
				B86720A61E409C740031749B /* Resources */,
			);
			buildRules = (
			);
			dependencies = (
				B86720AA1E409C740031749B /* PBXTargetDependency */,
			);
			name = musicshotokuUITests;
			productName = musicshotokuUITests;
			productReference = B86720A81E409C740031749B /* musicshotokuUITests.xctest */;
			productType = "com.apple.product-type.bundle.ui-testing";
		};
/* End PBXNativeTarget section */

/* Begin PBXProject section */
		B86720811E409C730031749B /* Project object */ = {
			isa = PBXProject;
			attributes = {
				LastSwiftUpdateCheck = 0800;
				LastUpgradeCheck = 0800;
				ORGANIZATIONNAME = "Leon Iwami";
				TargetAttributes = {
					B86720881E409C730031749B = {
						CreatedOnToolsVersion = 8.0;
						DevelopmentTeam = Y65BVE3W82;
						ProvisioningStyle = Automatic;
					};
					B867209C1E409C740031749B = {
						CreatedOnToolsVersion = 8.0;
						ProvisioningStyle = Automatic;
						TestTargetID = B86720881E409C730031749B;
					};
					B86720A71E409C740031749B = {
						CreatedOnToolsVersion = 8.0;
						ProvisioningStyle = Automatic;
						TestTargetID = B86720881E409C730031749B;
					};
				};
			};
			buildConfigurationList = B86720841E409C730031749B /* Build configuration list for PBXProject "musicshotoku" */;
			compatibilityVersion = "Xcode 3.2";
			developmentRegion = English;
			hasScannedForEncodings = 0;
			knownRegions = (
				en,
				Base,
			);
			mainGroup = B86720801E409C730031749B;
			productRefGroup = B867208A1E409C730031749B /* Products */;
			projectDirPath = "";
			projectRoot = "";
			targets = (
				B86720881E409C730031749B /* musicshotoku */,
				B867209C1E409C740031749B /* musicshotokuTests */,
				B86720A71E409C740031749B /* musicshotokuUITests */,
			);
		};
/* End PBXProject section */

/* Begin PBXResourcesBuildPhase section */
		B86720871E409C730031749B /* Resources */ = {
			isa = PBXResourcesBuildPhase;
			buildActionMask = 2147483647;
			files = (
				B86720BF1E40A2550031749B /* nanimono-jacket.jpg in Resources */,
				B86720C41E40ACB60031749B /* nanimono.mp3 in Resources */,
				B86720971E409C730031749B /* LaunchScreen.storyboard in Resources */,
				B86720C21E40A6620031749B /* koi.mp3 in Resources */,
				B86720941E409C730031749B /* Assets.xcassets in Resources */,
				B86720C01E40A2550031749B /* zenzen-jacket.png in Resources */,
				B86720921E409C730031749B /* Main.storyboard in Resources */,
				B86720C61E40ACBE0031749B /* zenzen.mp3 in Resources */,
				B86720BE1E40A2550031749B /* koi-jacket.jpg in Resources */,
			);
			runOnlyForDeploymentPostprocessing = 0;
		};
		B867209B1E409C740031749B /* Resources */ = {
			isa = PBXResourcesBuildPhase;
			buildActionMask = 2147483647;
			files = (
			);
			runOnlyForDeploymentPostprocessing = 0;
		};
		B86720A61E409C740031749B /* Resources */ = {
			isa = PBXResourcesBuildPhase;
			buildActionMask = 2147483647;
			files = (
			);
			runOnlyForDeploymentPostprocessing = 0;
		};
/* End PBXResourcesBuildPhase section */

/* Begin PBXSourcesBuildPhase section */
		B86720851E409C730031749B /* Sources */ = {
			isa = PBXSourcesBuildPhase;
			buildActionMask = 2147483647;
			files = (
				B867208F1E409C730031749B /* ViewController.swift in Sources */,
				B867208D1E409C730031749B /* AppDelegate.swift in Sources */,
			);
			runOnlyForDeploymentPostprocessing = 0;
		};
		B86720991E409C740031749B /* Sources */ = {
			isa = PBXSourcesBuildPhase;
			buildActionMask = 2147483647;
			files = (
				B86720A21E409C740031749B /* musicshotokuTests.swift in Sources */,
			);
			runOnlyForDeploymentPostprocessing = 0;
		};
		B86720A41E409C740031749B /* Sources */ = {
			isa = PBXSourcesBuildPhase;
			buildActionMask = 2147483647;
			files = (
				B86720AD1E409C740031749B /* musicshotokuUITests.swift in Sources */,
			);
			runOnlyForDeploymentPostprocessing = 0;
		};
/* End PBXSourcesBuildPhase section */

/* Begin PBXTargetDependency section */
		B867209F1E409C740031749B /* PBXTargetDependency */ = {
			isa = PBXTargetDependency;
			target = B86720881E409C730031749B /* musicshotoku */;
			targetProxy = B867209E1E409C740031749B /* PBXContainerItemProxy */;
		};
		B86720AA1E409C740031749B /* PBXTargetDependency */ = {
			isa = PBXTargetDependency;
			target = B86720881E409C730031749B /* musicshotoku */;
			targetProxy = B86720A91E409C740031749B /* PBXContainerItemProxy */;
		};
/* End PBXTargetDependency section */

/* Begin PBXVariantGroup section */
		B86720901E409C730031749B /* Main.storyboard */ = {
			isa = PBXVariantGroup;
			children = (
				B86720911E409C730031749B /* Base */,
			);
			name = Main.storyboard;
			sourceTree = "<group>";
		};
		B86720951E409C730031749B /* LaunchScreen.storyboard */ = {
			isa = PBXVariantGroup;
			children = (
				B86720961E409C730031749B /* Base */,
			);
			name = LaunchScreen.storyboard;
			sourceTree = "<group>";
		};
/* End PBXVariantGroup section */

/* Begin XCBuildConfiguration section */
		B86720AF1E409C740031749B /* Debug */ = {
			isa = XCBuildConfiguration;
			buildSettings = {
				ALWAYS_SEARCH_USER_PATHS = NO;
				CLANG_ANALYZER_NONNULL = YES;
				CLANG_CXX_LANGUAGE_STANDARD = "gnu++0x";
				CLANG_CXX_LIBRARY = "libc++";
				CLANG_ENABLE_MODULES = YES;
				CLANG_ENABLE_OBJC_ARC = YES;
				CLANG_WARN_BOOL_CONVERSION = YES;
				CLANG_WARN_CONSTANT_CONVERSION = YES;
				CLANG_WARN_DIRECT_OBJC_ISA_USAGE = YES_ERROR;
				CLANG_WARN_DOCUMENTATION_COMMENTS = YES;
				CLANG_WARN_EMPTY_BODY = YES;
				CLANG_WARN_ENUM_CONVERSION = YES;
				CLANG_WARN_INFINITE_RECURSION = YES;
				CLANG_WARN_INT_CONVERSION = YES;
				CLANG_WARN_OBJC_ROOT_CLASS = YES_ERROR;
				CLANG_WARN_SUSPICIOUS_MOVES = YES;
				CLANG_WARN_UNREACHABLE_CODE = YES;
				CLANG_WARN__DUPLICATE_METHOD_MATCH = YES;
				"CODE_SIGN_IDENTITY[sdk=iphoneos*]" = "iPhone Developer";
				COPY_PHASE_STRIP = NO;
				DEBUG_INFORMATION_FORMAT = dwarf;
				ENABLE_STRICT_OBJC_MSGSEND = YES;
				ENABLE_TESTABILITY = YES;
				GCC_C_LANGUAGE_STANDARD = gnu99;
				GCC_DYNAMIC_NO_PIC = NO;
				GCC_NO_COMMON_BLOCKS = YES;
				GCC_OPTIMIZATION_LEVEL = 0;
				GCC_PREPROCESSOR_DEFINITIONS = (
					"DEBUG=1",
					"$(inherited)",
				);
				GCC_WARN_64_TO_32_BIT_CONVERSION = YES;
				GCC_WARN_ABOUT_RETURN_TYPE = YES_ERROR;
				GCC_WARN_UNDECLARED_SELECTOR = YES;
				GCC_WARN_UNINITIALIZED_AUTOS = YES_AGGRESSIVE;
				GCC_WARN_UNUSED_FUNCTION = YES;
				GCC_WARN_UNUSED_VARIABLE = YES;
				IPHONEOS_DEPLOYMENT_TARGET = 10.0;
				MTL_ENABLE_DEBUG_INFO = YES;
				ONLY_ACTIVE_ARCH = YES;
				SDKROOT = iphoneos;
				SWIFT_ACTIVE_COMPILATION_CONDITIONS = DEBUG;
				SWIFT_OPTIMIZATION_LEVEL = "-Onone";
			};
			name = Debug;
		};
		B86720B01E409C740031749B /* Release */ = {
			isa = XCBuildConfiguration;
			buildSettings = {
				ALWAYS_SEARCH_USER_PATHS = NO;
				CLANG_ANALYZER_NONNULL = YES;
				CLANG_CXX_LANGUAGE_STANDARD = "gnu++0x";
				CLANG_CXX_LIBRARY = "libc++";
				CLANG_ENABLE_MODULES = YES;
				CLANG_ENABLE_OBJC_ARC = YES;
				CLANG_WARN_BOOL_CONVERSION = YES;
				CLANG_WARN_CONSTANT_CONVERSION = YES;
				CLANG_WARN_DIRECT_OBJC_ISA_USAGE = YES_ERROR;
				CLANG_WARN_DOCUMENTATION_COMMENTS = YES;
				CLANG_WARN_EMPTY_BODY = YES;
				CLANG_WARN_ENUM_CONVERSION = YES;
				CLANG_WARN_INFINITE_RECURSION = YES;
				CLANG_WARN_INT_CONVERSION = YES;
				CLANG_WARN_OBJC_ROOT_CLASS = YES_ERROR;
				CLANG_WARN_SUSPICIOUS_MOVES = YES;
				CLANG_WARN_UNREACHABLE_CODE = YES;
				CLANG_WARN__DUPLICATE_METHOD_MATCH = YES;
				"CODE_SIGN_IDENTITY[sdk=iphoneos*]" = "iPhone Developer";
				COPY_PHASE_STRIP = NO;
				DEBUG_INFORMATION_FORMAT = "dwarf-with-dsym";
				ENABLE_NS_ASSERTIONS = NO;
				ENABLE_STRICT_OBJC_MSGSEND = YES;
				GCC_C_LANGUAGE_STANDARD = gnu99;
				GCC_NO_COMMON_BLOCKS = YES;
				GCC_WARN_64_TO_32_BIT_CONVERSION = YES;
				GCC_WARN_ABOUT_RETURN_TYPE = YES_ERROR;
				GCC_WARN_UNDECLARED_SELECTOR = YES;
				GCC_WARN_UNINITIALIZED_AUTOS = YES_AGGRESSIVE;
				GCC_WARN_UNUSED_FUNCTION = YES;
				GCC_WARN_UNUSED_VARIABLE = YES;
				IPHONEOS_DEPLOYMENT_TARGET = 10.0;
				MTL_ENABLE_DEBUG_INFO = NO;
				SDKROOT = iphoneos;
				SWIFT_OPTIMIZATION_LEVEL = "-Owholemodule";
				VALIDATE_PRODUCT = YES;
			};
			name = Release;
		};
		B86720B21E409C740031749B /* Debug */ = {
			isa = XCBuildConfiguration;
			buildSettings = {
				ASSETCATALOG_COMPILER_APPICON_NAME = AppIcon;
				DEVELOPMENT_TEAM = Y65BVE3W82;
				INFOPLIST_FILE = musicshotoku/Info.plist;
				LD_RUNPATH_SEARCH_PATHS = "$(inherited) @executable_path/Frameworks";
				PRODUCT_BUNDLE_IDENTIFIER = com.litech.musicshotoku;
				PRODUCT_NAME = "$(TARGET_NAME)";
				SWIFT_VERSION = 3.0;
			};
			name = Debug;
		};
		B86720B31E409C740031749B /* Release */ = {
			isa = XCBuildConfiguration;
			buildSettings = {
				ASSETCATALOG_COMPILER_APPICON_NAME = AppIcon;
				DEVELOPMENT_TEAM = Y65BVE3W82;
				INFOPLIST_FILE = musicshotoku/Info.plist;
				LD_RUNPATH_SEARCH_PATHS = "$(inherited) @executable_path/Frameworks";
				PRODUCT_BUNDLE_IDENTIFIER = com.litech.musicshotoku;
				PRODUCT_NAME = "$(TARGET_NAME)";
				SWIFT_VERSION = 3.0;
			};
			name = Release;
		};
		B86720B51E409C740031749B /* Debug */ = {
			isa = XCBuildConfiguration;
			buildSettings = {
				ALWAYS_EMBED_SWIFT_STANDARD_LIBRARIES = YES;
				BUNDLE_LOADER = "$(TEST_HOST)";
				INFOPLIST_FILE = musicshotokuTests/Info.plist;
				LD_RUNPATH_SEARCH_PATHS = "$(inherited) @executable_path/Frameworks @loader_path/Frameworks";
				PRODUCT_BUNDLE_IDENTIFIER = com.litech.musicshotokuTests;
				PRODUCT_NAME = "$(TARGET_NAME)";
				SWIFT_VERSION = 3.0;
				TEST_HOST = "$(BUILT_PRODUCTS_DIR)/musicshotoku.app/musicshotoku";
			};
			name = Debug;
		};
		B86720B61E409C740031749B /* Release */ = {
			isa = XCBuildConfiguration;
			buildSettings = {
				ALWAYS_EMBED_SWIFT_STANDARD_LIBRARIES = YES;
				BUNDLE_LOADER = "$(TEST_HOST)";
				INFOPLIST_FILE = musicshotokuTests/Info.plist;
				LD_RUNPATH_SEARCH_PATHS = "$(inherited) @executable_path/Frameworks @loader_path/Frameworks";
				PRODUCT_BUNDLE_IDENTIFIER = com.litech.musicshotokuTests;
				PRODUCT_NAME = "$(TARGET_NAME)";
				SWIFT_VERSION = 3.0;
				TEST_HOST = "$(BUILT_PRODUCTS_DIR)/musicshotoku.app/musicshotoku";
			};
			name = Release;
		};
		B86720B81E409C740031749B /* Debug */ = {
			isa = XCBuildConfiguration;
			buildSettings = {
				ALWAYS_EMBED_SWIFT_STANDARD_LIBRARIES = YES;
				INFOPLIST_FILE = musicshotokuUITests/Info.plist;
				LD_RUNPATH_SEARCH_PATHS = "$(inherited) @executable_path/Frameworks @loader_path/Frameworks";
				PRODUCT_BUNDLE_IDENTIFIER = com.litech.musicshotokuUITests;
				PRODUCT_NAME = "$(TARGET_NAME)";
				SWIFT_VERSION = 3.0;
				TEST_TARGET_NAME = musicshotoku;
			};
			name = Debug;
		};
		B86720B91E409C740031749B /* Release */ = {
			isa = XCBuildConfiguration;
			buildSettings = {
				ALWAYS_EMBED_SWIFT_STANDARD_LIBRARIES = YES;
				INFOPLIST_FILE = musicshotokuUITests/Info.plist;
				LD_RUNPATH_SEARCH_PATHS = "$(inherited) @executable_path/Frameworks @loader_path/Frameworks";
				PRODUCT_BUNDLE_IDENTIFIER = com.litech.musicshotokuUITests;
				PRODUCT_NAME = "$(TARGET_NAME)";
				SWIFT_VERSION = 3.0;
				TEST_TARGET_NAME = musicshotoku;
			};
			name = Release;
		};
/* End XCBuildConfiguration section */

/* Begin XCConfigurationList section */
		B86720841E409C730031749B /* Build configuration list for PBXProject "musicshotoku" */ = {
			isa = XCConfigurationList;
			buildConfigurations = (
				B86720AF1E409C740031749B /* Debug */,
				B86720B01E409C740031749B /* Release */,
			);
			defaultConfigurationIsVisible = 0;
			defaultConfigurationName = Release;
		};
		B86720B11E409C740031749B /* Build configuration list for PBXNativeTarget "musicshotoku" */ = {
			isa = XCConfigurationList;
			buildConfigurations = (
				B86720B21E409C740031749B /* Debug */,
				B86720B31E409C740031749B /* Release */,
			);
			defaultConfigurationIsVisible = 0;
		};
		B86720B41E409C740031749B /* Build configuration list for PBXNativeTarget "musicshotokuTests" */ = {
			isa = XCConfigurationList;
			buildConfigurations = (
				B86720B51E409C740031749B /* Debug */,
				B86720B61E409C740031749B /* Release */,
			);
			defaultConfigurationIsVisible = 0;
		};
		B86720B71E409C740031749B /* Build configuration list for PBXNativeTarget "musicshotokuUITests" */ = {
			isa = XCConfigurationList;
			buildConfigurations = (
				B86720B81E409C740031749B /* Debug */,
				B86720B91E409C740031749B /* Release */,
			);
			defaultConfigurationIsVisible = 0;
		};
/* End XCConfigurationList section */
	};
	rootObject = B86720811E409C730031749B /* Project object */;
}
